
Microsoft Visual Studio Solution File, Format Version 12.00
# Visual Studio Version 16
VisualStudioVersion = 16.0.28803.156
MinimumVisualStudioVersion = 10.0.40219.1
Project("{FAE04EC0-301F-11D3-BF4B-00C04F79EFBC}") = "FeatherSQL", "FeatherSQL\FeatherSQL.csproj", "{9F2397CF-97E6-49FC-BD2D-4ECA99C90A4E}"
EndProject
Project("{FAE04EC0-301F-11D3-BF4B-00C04F79EFBC}") = "Demo", "Demo\Demo.csproj", "{EAC0F679-9D0D-4A8F-A515-5C5F4681D281}"
EndProject
Project("{FAE04EC0-301F-11D3-BF4B-00C04F79EFBC}") = "FeatherSQL-Core", "FeatherSQL-Core\FeatherSQL-Core.csproj", "{0EE1B54B-CACA-4E8F-B1C8-10F2037A3C84}"
EndProject
Project("{FAE04EC0-301F-11D3-BF4B-00C04F79EFBC}") = "Demo-Core", "Demo-Core\Demo-Core.csproj", "{444E3A1F-C78A-48B5-9901-076DB3F96B91}"
EndProject
Global
	GlobalSection(SolutionConfigurationPlatforms) = preSolution
		Debug|Any CPU = Debug|Any CPU
		Release|Any CPU = Release|Any CPU
	EndGlobalSection
	GlobalSection(ProjectConfigurationPlatforms) = postSolution
		{9F2397CF-97E6-49FC-BD2D-4ECA99C90A4E}.Debug|Any CPU.ActiveCfg = Debug|Any CPU
		{9F2397CF-97E6-49FC-BD2D-4ECA99C90A4E}.Debug|Any CPU.Build.0 = Debug|Any CPU
		{9F2397CF-97E6-49FC-BD2D-4ECA99C90A4E}.Release|Any CPU.ActiveCfg = Release|Any CPU
		{9F2397CF-97E6-49FC-BD2D-4ECA99C90A4E}.Release|Any CPU.Build.0 = Release|Any CPU
		{EAC0F679-9D0D-4A8F-A515-5C5F4681D281}.Debug|Any CPU.ActiveCfg = Debug|Any CPU
		{EAC0F679-9D0D-4A8F-A515-5C5F4681D281}.Debug|Any CPU.Build.0 = Debug|Any CPU
		{EAC0F679-9D0D-4A8F-A515-5C5F4681D281}.Release|Any CPU.ActiveCfg = Release|Any CPU
		{EAC0F679-9D0D-4A8F-A515-5C5F4681D281}.Release|Any CPU.Build.0 = Release|Any CPU
		{0EE1B54B-CACA-4E8F-B1C8-10F2037A3C84}.Debug|Any CPU.ActiveCfg = Debug|Any CPU
		{0EE1B54B-CACA-4E8F-B1C8-10F2037A3C84}.Debug|Any CPU.Build.0 = Debug|Any CPU
		{0EE1B54B-CACA-4E8F-B1C8-10F2037A3C84}.Release|Any CPU.ActiveCfg = Release|Any CPU
		{0EE1B54B-CACA-4E8F-B1C8-10F2037A3C84}.Release|Any CPU.Build.0 = Release|Any CPU
		{444E3A1F-C78A-48B5-9901-076DB3F96B91}.Debug|Any CPU.ActiveCfg = Debug|Any CPU
		{444E3A1F-C78A-48B5-9901-076DB3F96B91}.Debug|Any CPU.Build.0 = Debug|Any CPU
		{444E3A1F-C78A-48B5-9901-076DB3F96B91}.Release|Any CPU.ActiveCfg = Release|Any CPU
		{444E3A1F-C78A-48B5-9901-076DB3F96B91}.Release|Any CPU.Build.0 = Release|Any CPU
	EndGlobalSection
	GlobalSection(SolutionProperties) = preSolution
		HideSolutionNode = FALSE
	EndGlobalSection
	GlobalSection(ExtensibilityGlobals) = postSolution
		SolutionGuid = {4F64CA9A-1153-44F2-8D98-39AE7390E134}
	EndGlobalSection
EndGlobal
